
Microsoft Visual Studio Solution File, Format Version 12.00
# Visual Studio Version 17
VisualStudioVersion = 17.0.31903.59
MinimumVisualStudioVersion = 10.0.40219.1
Project("{2150E333-8FDC-42A3-9474-1A3956D46DE8}") = "src", "src", "{E8EB3044-519C-4EB4-9023-725AA01267C0}"
EndProject
Project("{FAE04EC0-301F-11D3-BF4B-00C04F79EFBC}") = "ToDoAPI", "src\ToDoAPI\ToDoAPI.csproj", "{8B89472C-9AF1-46DC-869A-36E125B85F68}"
EndProject
Project("{2150E333-8FDC-42A3-9474-1A3956D46DE8}") = "test", "test", "{66D3B030-522E-4093-8703-2129A2A6BC0B}"
EndProject
Project("{FAE04EC0-301F-11D3-BF4B-00C04F79EFBC}") = "ToDoAPI.Tests", "test\ToDoAPI.Tests\ToDoAPI.Tests.csproj", "{811A9DB4-2B23-4752-9866-65074E84D80C}"
EndProject
Global
	GlobalSection(SolutionConfigurationPlatforms) = preSolution
		Debug|Any CPU = Debug|Any CPU
		Release|Any CPU = Release|Any CPU
	EndGlobalSection
	GlobalSection(SolutionProperties) = preSolution
		HideSolutionNode = FALSE
	EndGlobalSection
	GlobalSection(ProjectConfigurationPlatforms) = postSolution
		{8B89472C-9AF1-46DC-869A-36E125B85F68}.Debug|Any CPU.ActiveCfg = Debug|Any CPU
		{8B89472C-9AF1-46DC-869A-36E125B85F68}.Debug|Any CPU.Build.0 = Debug|Any CPU
		{8B89472C-9AF1-46DC-869A-36E125B85F68}.Release|Any CPU.ActiveCfg = Release|Any CPU
		{8B89472C-9AF1-46DC-869A-36E125B85F68}.Release|Any CPU.Build.0 = Release|Any CPU
		{811A9DB4-2B23-4752-9866-65074E84D80C}.Debug|Any CPU.ActiveCfg = Debug|Any CPU
		{811A9DB4-2B23-4752-9866-65074E84D80C}.Debug|Any CPU.Build.0 = Debug|Any CPU
		{811A9DB4-2B23-4752-9866-65074E84D80C}.Release|Any CPU.ActiveCfg = Release|Any CPU
		{811A9DB4-2B23-4752-9866-65074E84D80C}.Release|Any CPU.Build.0 = Release|Any CPU
	EndGlobalSection
	GlobalSection(NestedProjects) = preSolution
		{8B89472C-9AF1-46DC-869A-36E125B85F68} = {E8EB3044-519C-4EB4-9023-725AA01267C0}
		{811A9DB4-2B23-4752-9866-65074E84D80C} = {66D3B030-522E-4093-8703-2129A2A6BC0B}
	EndGlobalSection
EndGlobal
